
Microsoft Visual Studio Solution File, Format Version 12.00
# Visual Studio 15
VisualStudioVersion = 15.0.28307.271
MinimumVisualStudioVersion = 10.0.40219.1
Project("{9A19103F-16F7-4668-BE54-9A1E7A4F7556}") = "Calculadora.Domain", "Calculadora.Domain\Calculadora.Domain.csproj", "{C6D4FF3F-FEF1-4887-86DA-377AFC766E1E}"
EndProject
Project("{9A19103F-16F7-4668-BE54-9A1E7A4F7556}") = "NUnitTest", "NUnitTest\NUnitTest.csproj", "{8882DC8E-D96B-4A54-9251-9FB1E30E5CF1}"
EndProject
Project("{FAE04EC0-301F-11D3-BF4B-00C04F79EFBC}") = "Calculadora.API", "Calculadora.API\Calculadora.API.csproj", "{7AC384D8-B50E-489B-88EA-837B6B616A61}"
EndProject
Global
	GlobalSection(SolutionConfigurationPlatforms) = preSolution
		Debug|Any CPU = Debug|Any CPU
		Release|Any CPU = Release|Any CPU
	EndGlobalSection
	GlobalSection(ProjectConfigurationPlatforms) = postSolution
		{C6D4FF3F-FEF1-4887-86DA-377AFC766E1E}.Debug|Any CPU.ActiveCfg = Debug|Any CPU
		{C6D4FF3F-FEF1-4887-86DA-377AFC766E1E}.Debug|Any CPU.Build.0 = Debug|Any CPU
		{C6D4FF3F-FEF1-4887-86DA-377AFC766E1E}.Release|Any CPU.ActiveCfg = Release|Any CPU
		{C6D4FF3F-FEF1-4887-86DA-377AFC766E1E}.Release|Any CPU.Build.0 = Release|Any CPU
		{8882DC8E-D96B-4A54-9251-9FB1E30E5CF1}.Debug|Any CPU.ActiveCfg = Debug|Any CPU
		{8882DC8E-D96B-4A54-9251-9FB1E30E5CF1}.Debug|Any CPU.Build.0 = Debug|Any CPU
		{8882DC8E-D96B-4A54-9251-9FB1E30E5CF1}.Release|Any CPU.ActiveCfg = Release|Any CPU
		{8882DC8E-D96B-4A54-9251-9FB1E30E5CF1}.Release|Any CPU.Build.0 = Release|Any CPU
		{7AC384D8-B50E-489B-88EA-837B6B616A61}.Debug|Any CPU.ActiveCfg = Debug|Any CPU
		{7AC384D8-B50E-489B-88EA-837B6B616A61}.Debug|Any CPU.Build.0 = Debug|Any CPU
		{7AC384D8-B50E-489B-88EA-837B6B616A61}.Release|Any CPU.ActiveCfg = Release|Any CPU
		{7AC384D8-B50E-489B-88EA-837B6B616A61}.Release|Any CPU.Build.0 = Release|Any CPU
	EndGlobalSection
	GlobalSection(SolutionProperties) = preSolution
		HideSolutionNode = FALSE
	EndGlobalSection
	GlobalSection(ExtensibilityGlobals) = postSolution
		SolutionGuid = {704E99E0-2E21-4006-8297-102022121663}
	EndGlobalSection
EndGlobal
